// !$*UTF8*$!
{
	archiveVersion = 1;
	classes = {
	};
	objectVersion = 55;
	objects = {

/* Begin PBXBuildFile section */
		A0016C2428C73B6800D15056 /* RocketListView.swift in Sources */ = {isa = PBXBuildFile; fileRef = A0016C2328C73B6800D15056 /* RocketListView.swift */; };
		A0016C2728C73BA800D15056 /* ComposableArchitecture in Frameworks */ = {isa = PBXBuildFile; productRef = A0016C2628C73BA800D15056 /* ComposableArchitecture */; };
		A0016C2928C73BCE00D15056 /* RocketListReducer.swift in Sources */ = {isa = PBXBuildFile; fileRef = A0016C2828C73BCE00D15056 /* RocketListReducer.swift */; };
		A0016C2E28C7418400D15056 /* Rocket.swift in Sources */ = {isa = PBXBuildFile; fileRef = A0016C2D28C7418400D15056 /* Rocket.swift */; };
		A0016C3028C7430800D15056 /* APIError.swift in Sources */ = {isa = PBXBuildFile; fileRef = A0016C2F28C7430800D15056 /* APIError.swift */; };
		A0016C3228C74F6900D15056 /* RocketListManager.swift in Sources */ = {isa = PBXBuildFile; fileRef = A0016C3128C74F6900D15056 /* RocketListManager.swift */; };
		A0016C3528C7506400D15056 /* Rocket+instances.swift in Sources */ = {isa = PBXBuildFile; fileRef = A0016C3428C7506400D15056 /* Rocket+instances.swift */; };
		A0016C3728C7509900D15056 /* DateCreator.swift in Sources */ = {isa = PBXBuildFile; fileRef = A0016C3628C7509900D15056 /* DateCreator.swift */; };
		A01BE66828AFBAF1000567C4 /* TCAApp.swift in Sources */ = {isa = PBXBuildFile; fileRef = A01BE66728AFBAF1000567C4 /* TCAApp.swift */; };
		A01BE66C28AFBAF2000567C4 /* Assets.xcassets in Resources */ = {isa = PBXBuildFile; fileRef = A01BE66B28AFBAF2000567C4 /* Assets.xcassets */; };
		A01BE66F28AFBAF2000567C4 /* Preview Assets.xcassets in Resources */ = {isa = PBXBuildFile; fileRef = A01BE66E28AFBAF2000567C4 /* Preview Assets.xcassets */; };
		A01BE67928AFBAF2000567C4 /* TCATests.swift in Sources */ = {isa = PBXBuildFile; fileRef = A01BE67828AFBAF2000567C4 /* TCATests.swift */; };
		A01BE68328AFBAF2000567C4 /* TCAUITests.swift in Sources */ = {isa = PBXBuildFile; fileRef = A01BE68228AFBAF2000567C4 /* TCAUITests.swift */; };
		A01BE68528AFBAF2000567C4 /* TCAUITestsLaunchTests.swift in Sources */ = {isa = PBXBuildFile; fileRef = A01BE68428AFBAF2000567C4 /* TCAUITestsLaunchTests.swift */; };
		A049F33728CB605900126989 /* ToolBarColorStyle.swift in Sources */ = {isa = PBXBuildFile; fileRef = A049F33628CB605900126989 /* ToolBarColorStyle.swift */; };
		A05867BE28D066E70004E606 /* RocketDTO.swift in Sources */ = {isa = PBXBuildFile; fileRef = A05867BD28D066E70004E606 /* RocketDTO.swift */; };
		A05867C028D0670B0004E606 /* RocketDetailDTO.swift in Sources */ = {isa = PBXBuildFile; fileRef = A05867BF28D0670B0004E606 /* RocketDetailDTO.swift */; };
		A05867C228D0672D0004E606 /* DTOModelProtocol.swift in Sources */ = {isa = PBXBuildFile; fileRef = A05867C128D0672D0004E606 /* DTOModelProtocol.swift */; };
		A05867C428D0716E0004E606 /* TitledSection.swift in Sources */ = {isa = PBXBuildFile; fileRef = A05867C328D0716E0004E606 /* TitledSection.swift */; };
		A05867C628D07CEA0004E606 /* ShadedBackgroundView.swift in Sources */ = {isa = PBXBuildFile; fileRef = A05867C528D07CEA0004E606 /* ShadedBackgroundView.swift */; };
		A05867C828D07F490004E606 /* StageView.swift in Sources */ = {isa = PBXBuildFile; fileRef = A05867C728D07F490004E606 /* StageView.swift */; };
		A05867CA28D082830004E606 /* ImageView.swift in Sources */ = {isa = PBXBuildFile; fileRef = A05867C928D082830004E606 /* ImageView.swift */; };
		A05867D228D0A0A40004E606 /* RocketLaunchView.swift in Sources */ = {isa = PBXBuildFile; fileRef = A05867D128D0A0A40004E606 /* RocketLaunchView.swift */; };
		A05867D428D0A1670004E606 /* RocketLaunchReducer.swift in Sources */ = {isa = PBXBuildFile; fileRef = A05867D328D0A1670004E606 /* RocketLaunchReducer.swift */; };
		A08C091228C88A8000224BEA /* RocketDetail.swift in Sources */ = {isa = PBXBuildFile; fileRef = A08C091128C88A8000224BEA /* RocketDetail.swift */; };
		A08C091428C88C1E00224BEA /* RocketDetail+instances.swift in Sources */ = {isa = PBXBuildFile; fileRef = A08C091328C88C1E00224BEA /* RocketDetail+instances.swift */; };
		A08C091728C89A2A00224BEA /* LocalizedStringKey+.swift in Sources */ = {isa = PBXBuildFile; fileRef = A08C091628C89A2A00224BEA /* LocalizedStringKey+.swift */; };
		A08C091A28C89B1800224BEA /* Localizable.strings in Resources */ = {isa = PBXBuildFile; fileRef = A08C091C28C89B1800224BEA /* Localizable.strings */; };
		A08C091F28C89F0D00224BEA /* RocketCellView.swift in Sources */ = {isa = PBXBuildFile; fileRef = A08C091E28C89F0D00224BEA /* RocketCellView.swift */; };
		A08C092228C8A0B500224BEA /* Icons.swift in Sources */ = {isa = PBXBuildFile; fileRef = A08C092128C8A0B500224BEA /* Icons.swift */; };
		A08C092528C8A7E200224BEA /* RocketDetailView.swift in Sources */ = {isa = PBXBuildFile; fileRef = A08C092428C8A7E200224BEA /* RocketDetailView.swift */; };
		A08C092728C8C25500224BEA /* RocketDetailReducer.swift in Sources */ = {isa = PBXBuildFile; fileRef = A08C092628C8C25500224BEA /* RocketDetailReducer.swift */; };
		A08C092928C8C91100224BEA /* RocketDetailManager.swift in Sources */ = {isa = PBXBuildFile; fileRef = A08C092828C8C91100224BEA /* RocketDetailManager.swift */; };
		A0BCFEB228CB66BB0008B238 /* Color+.swift in Sources */ = {isa = PBXBuildFile; fileRef = A0BCFEB128CB66BB0008B238 /* Color+.swift */; };
		A0BCFEB428CB68B70008B238 /* Colors.xcassets in Resources */ = {isa = PBXBuildFile; fileRef = A0BCFEB328CB68B70008B238 /* Colors.xcassets */; };
		A0FC9F3E28C9D893007D1BBD /* Loadable.swift in Sources */ = {isa = PBXBuildFile; fileRef = A0FC9F3D28C9D893007D1BBD /* Loadable.swift */; };
		A0FC9F4028C9E03A007D1BBD /* LoadableView.swift in Sources */ = {isa = PBXBuildFile; fileRef = A0FC9F3F28C9E03A007D1BBD /* LoadableView.swift */; };
		A0FC9F4228C9E070007D1BBD /* ErrorView.swift in Sources */ = {isa = PBXBuildFile; fileRef = A0FC9F4128C9E070007D1BBD /* ErrorView.swift */; };
/* End PBXBuildFile section */

/* Begin PBXContainerItemProxy section */
		A01BE67528AFBAF2000567C4 /* PBXContainerItemProxy */ = {
			isa = PBXContainerItemProxy;
			containerPortal = A01BE65C28AFBAF1000567C4 /* Project object */;
			proxyType = 1;
			remoteGlobalIDString = A01BE66328AFBAF1000567C4;
			remoteInfo = TCA;
		};
		A01BE67F28AFBAF2000567C4 /* PBXContainerItemProxy */ = {
			isa = PBXContainerItemProxy;
			containerPortal = A01BE65C28AFBAF1000567C4 /* Project object */;
			proxyType = 1;
			remoteGlobalIDString = A01BE66328AFBAF1000567C4;
			remoteInfo = TCA;
		};
/* End PBXContainerItemProxy section */

/* Begin PBXFileReference section */
		A0016C2328C73B6800D15056 /* RocketListView.swift */ = {isa = PBXFileReference; lastKnownFileType = sourcecode.swift; path = RocketListView.swift; sourceTree = "<group>"; };
		A0016C2828C73BCE00D15056 /* RocketListReducer.swift */ = {isa = PBXFileReference; lastKnownFileType = sourcecode.swift; path = RocketListReducer.swift; sourceTree = "<group>"; };
		A0016C2D28C7418400D15056 /* Rocket.swift */ = {isa = PBXFileReference; lastKnownFileType = sourcecode.swift; path = Rocket.swift; sourceTree = "<group>"; };
		A0016C2F28C7430800D15056 /* APIError.swift */ = {isa = PBXFileReference; lastKnownFileType = sourcecode.swift; path = APIError.swift; sourceTree = "<group>"; };
		A0016C3128C74F6900D15056 /* RocketListManager.swift */ = {isa = PBXFileReference; lastKnownFileType = sourcecode.swift; path = RocketListManager.swift; sourceTree = "<group>"; };
		A0016C3428C7506400D15056 /* Rocket+instances.swift */ = {isa = PBXFileReference; lastKnownFileType = sourcecode.swift; path = "Rocket+instances.swift"; sourceTree = "<group>"; };
		A0016C3628C7509900D15056 /* DateCreator.swift */ = {isa = PBXFileReference; lastKnownFileType = sourcecode.swift; path = DateCreator.swift; sourceTree = "<group>"; };
		A01BE66428AFBAF1000567C4 /* TCA.app */ = {isa = PBXFileReference; explicitFileType = wrapper.application; includeInIndex = 0; path = TCA.app; sourceTree = BUILT_PRODUCTS_DIR; };
		A01BE66728AFBAF1000567C4 /* TCAApp.swift */ = {isa = PBXFileReference; lastKnownFileType = sourcecode.swift; path = TCAApp.swift; sourceTree = "<group>"; };
		A01BE66B28AFBAF2000567C4 /* Assets.xcassets */ = {isa = PBXFileReference; lastKnownFileType = folder.assetcatalog; path = Assets.xcassets; sourceTree = "<group>"; };
		A01BE66E28AFBAF2000567C4 /* Preview Assets.xcassets */ = {isa = PBXFileReference; lastKnownFileType = folder.assetcatalog; path = "Preview Assets.xcassets"; sourceTree = "<group>"; };
		A01BE67428AFBAF2000567C4 /* TCATests.xctest */ = {isa = PBXFileReference; explicitFileType = wrapper.cfbundle; includeInIndex = 0; path = TCATests.xctest; sourceTree = BUILT_PRODUCTS_DIR; };
		A01BE67828AFBAF2000567C4 /* TCATests.swift */ = {isa = PBXFileReference; lastKnownFileType = sourcecode.swift; path = TCATests.swift; sourceTree = "<group>"; };
		A01BE67E28AFBAF2000567C4 /* TCAUITests.xctest */ = {isa = PBXFileReference; explicitFileType = wrapper.cfbundle; includeInIndex = 0; path = TCAUITests.xctest; sourceTree = BUILT_PRODUCTS_DIR; };
		A01BE68228AFBAF2000567C4 /* TCAUITests.swift */ = {isa = PBXFileReference; lastKnownFileType = sourcecode.swift; path = TCAUITests.swift; sourceTree = "<group>"; };
		A01BE68428AFBAF2000567C4 /* TCAUITestsLaunchTests.swift */ = {isa = PBXFileReference; lastKnownFileType = sourcecode.swift; path = TCAUITestsLaunchTests.swift; sourceTree = "<group>"; };
		A049F33628CB605900126989 /* ToolBarColorStyle.swift */ = {isa = PBXFileReference; lastKnownFileType = sourcecode.swift; path = ToolBarColorStyle.swift; sourceTree = "<group>"; };
		A05867BD28D066E70004E606 /* RocketDTO.swift */ = {isa = PBXFileReference; lastKnownFileType = sourcecode.swift; path = RocketDTO.swift; sourceTree = "<group>"; };
		A05867BF28D0670B0004E606 /* RocketDetailDTO.swift */ = {isa = PBXFileReference; lastKnownFileType = sourcecode.swift; path = RocketDetailDTO.swift; sourceTree = "<group>"; };
		A05867C128D0672D0004E606 /* DTOModelProtocol.swift */ = {isa = PBXFileReference; lastKnownFileType = sourcecode.swift; path = DTOModelProtocol.swift; sourceTree = "<group>"; };
		A05867C328D0716E0004E606 /* TitledSection.swift */ = {isa = PBXFileReference; lastKnownFileType = sourcecode.swift; path = TitledSection.swift; sourceTree = "<group>"; };
		A05867C528D07CEA0004E606 /* ShadedBackgroundView.swift */ = {isa = PBXFileReference; lastKnownFileType = sourcecode.swift; path = ShadedBackgroundView.swift; sourceTree = "<group>"; };
		A05867C728D07F490004E606 /* StageView.swift */ = {isa = PBXFileReference; lastKnownFileType = sourcecode.swift; path = StageView.swift; sourceTree = "<group>"; };
		A05867C928D082830004E606 /* ImageView.swift */ = {isa = PBXFileReference; lastKnownFileType = sourcecode.swift; path = ImageView.swift; sourceTree = "<group>"; };
		A05867D128D0A0A40004E606 /* RocketLaunchView.swift */ = {isa = PBXFileReference; lastKnownFileType = sourcecode.swift; path = RocketLaunchView.swift; sourceTree = "<group>"; };
		A05867D328D0A1670004E606 /* RocketLaunchReducer.swift */ = {isa = PBXFileReference; lastKnownFileType = sourcecode.swift; path = RocketLaunchReducer.swift; sourceTree = "<group>"; };
		A08C091128C88A8000224BEA /* RocketDetail.swift */ = {isa = PBXFileReference; lastKnownFileType = sourcecode.swift; path = RocketDetail.swift; sourceTree = "<group>"; };
		A08C091328C88C1E00224BEA /* RocketDetail+instances.swift */ = {isa = PBXFileReference; lastKnownFileType = sourcecode.swift; path = "RocketDetail+instances.swift"; sourceTree = "<group>"; };
		A08C091628C89A2A00224BEA /* LocalizedStringKey+.swift */ = {isa = PBXFileReference; lastKnownFileType = sourcecode.swift; path = "LocalizedStringKey+.swift"; sourceTree = "<group>"; };
		A08C091B28C89B1800224BEA /* en */ = {isa = PBXFileReference; lastKnownFileType = text.plist.strings; name = en; path = en.lproj/Localizable.strings; sourceTree = "<group>"; };
		A08C091D28C89B1E00224BEA /* cs */ = {isa = PBXFileReference; lastKnownFileType = text.plist.strings; name = cs; path = cs.lproj/Localizable.strings; sourceTree = "<group>"; };
		A08C091E28C89F0D00224BEA /* RocketCellView.swift */ = {isa = PBXFileReference; lastKnownFileType = sourcecode.swift; path = RocketCellView.swift; sourceTree = "<group>"; };
		A08C092128C8A0B500224BEA /* Icons.swift */ = {isa = PBXFileReference; lastKnownFileType = sourcecode.swift; path = Icons.swift; sourceTree = "<group>"; };
		A08C092428C8A7E200224BEA /* RocketDetailView.swift */ = {isa = PBXFileReference; lastKnownFileType = sourcecode.swift; path = RocketDetailView.swift; sourceTree = "<group>"; };
		A08C092628C8C25500224BEA /* RocketDetailReducer.swift */ = {isa = PBXFileReference; lastKnownFileType = sourcecode.swift; path = RocketDetailReducer.swift; sourceTree = "<group>"; };
		A08C092828C8C91100224BEA /* RocketDetailManager.swift */ = {isa = PBXFileReference; lastKnownFileType = sourcecode.swift; path = RocketDetailManager.swift; sourceTree = "<group>"; };
		A0BCFEB128CB66BB0008B238 /* Color+.swift */ = {isa = PBXFileReference; lastKnownFileType = sourcecode.swift; path = "Color+.swift"; sourceTree = "<group>"; };
		A0BCFEB328CB68B70008B238 /* Colors.xcassets */ = {isa = PBXFileReference; lastKnownFileType = folder.assetcatalog; path = Colors.xcassets; sourceTree = "<group>"; };
		A0FC9F3D28C9D893007D1BBD /* Loadable.swift */ = {isa = PBXFileReference; lastKnownFileType = sourcecode.swift; path = Loadable.swift; sourceTree = "<group>"; };
		A0FC9F3F28C9E03A007D1BBD /* LoadableView.swift */ = {isa = PBXFileReference; lastKnownFileType = sourcecode.swift; path = LoadableView.swift; sourceTree = "<group>"; };
		A0FC9F4128C9E070007D1BBD /* ErrorView.swift */ = {isa = PBXFileReference; lastKnownFileType = sourcecode.swift; path = ErrorView.swift; sourceTree = "<group>"; };
/* End PBXFileReference section */

/* Begin PBXFrameworksBuildPhase section */
		A01BE66128AFBAF1000567C4 /* Frameworks */ = {
			isa = PBXFrameworksBuildPhase;
			buildActionMask = 2147483647;
			files = (
				A0016C2728C73BA800D15056 /* ComposableArchitecture in Frameworks */,
			);
			runOnlyForDeploymentPostprocessing = 0;
		};
		A01BE67128AFBAF2000567C4 /* Frameworks */ = {
			isa = PBXFrameworksBuildPhase;
			buildActionMask = 2147483647;
			files = (
			);
			runOnlyForDeploymentPostprocessing = 0;
		};
		A01BE67B28AFBAF2000567C4 /* Frameworks */ = {
			isa = PBXFrameworksBuildPhase;
			buildActionMask = 2147483647;
			files = (
			);
			runOnlyForDeploymentPostprocessing = 0;
		};
/* End PBXFrameworksBuildPhase section */

/* Begin PBXGroup section */
		A0016C2228C73B4100D15056 /* RocketList */ = {
			isa = PBXGroup;
			children = (
				A08C091E28C89F0D00224BEA /* RocketCellView.swift */,
				A0016C3128C74F6900D15056 /* RocketListManager.swift */,
				A0016C2828C73BCE00D15056 /* RocketListReducer.swift */,
				A0016C2328C73B6800D15056 /* RocketListView.swift */,
			);
			path = RocketList;
			sourceTree = "<group>";
		};
		A0016C2A28C73FCD00D15056 /* Modules */ = {
			isa = PBXGroup;
			children = (
				A08C092328C8A7C000224BEA /* RocketDetail */,
				A05867D028D0A0880004E606 /* RocketLaunch */,
				A0016C2228C73B4100D15056 /* RocketList */,
			);
			path = Modules;
			sourceTree = "<group>";
		};
		A0016C2B28C73FFF00D15056 /* Models */ = {
			isa = PBXGroup;
			children = (
				A05867BC28D0667F0004E606 /* DTO */,
				A0016C3328C7503800D15056 /* Mock */,
				A0016C2D28C7418400D15056 /* Rocket.swift */,
				A08C091128C88A8000224BEA /* RocketDetail.swift */,
			);
			path = Models;
			sourceTree = "<group>";
		};
		A0016C2C28C7401800D15056 /* SupportingFiles */ = {
			isa = PBXGroup;
			children = (
				A0016C2F28C7430800D15056 /* APIError.swift */,
				A0016C3628C7509900D15056 /* DateCreator.swift */,
				A049F33628CB605900126989 /* ToolBarColorStyle.swift */,
				A01BE66B28AFBAF2000567C4 /* Assets.xcassets */,
				A0BCFEB328CB68B70008B238 /* Colors.xcassets */,
				A08C091528C899F900224BEA /* Localizable */,
				A01BE66D28AFBAF2000567C4 /* Preview Content */,
				A08C092028C8A09400224BEA /* Providers */,
			);
			path = SupportingFiles;
			sourceTree = "<group>";
		};
		A0016C3328C7503800D15056 /* Mock */ = {
			isa = PBXGroup;
			children = (
				A0016C3428C7506400D15056 /* Rocket+instances.swift */,
				A08C091328C88C1E00224BEA /* RocketDetail+instances.swift */,
			);
			path = Mock;
			sourceTree = "<group>";
		};
		A01BE65B28AFBAF1000567C4 = {
			isa = PBXGroup;
			children = (
				A01BE66628AFBAF1000567C4 /* TCA */,
				A01BE67728AFBAF2000567C4 /* TCATests */,
				A01BE68128AFBAF2000567C4 /* TCAUITests */,
				A01BE66528AFBAF1000567C4 /* Products */,
			);
			sourceTree = "<group>";
		};
		A01BE66528AFBAF1000567C4 /* Products */ = {
			isa = PBXGroup;
			children = (
				A01BE66428AFBAF1000567C4 /* TCA.app */,
				A01BE67428AFBAF2000567C4 /* TCATests.xctest */,
				A01BE67E28AFBAF2000567C4 /* TCAUITests.xctest */,
			);
			name = Products;
			sourceTree = "<group>";
		};
		A01BE66628AFBAF1000567C4 /* TCA */ = {
			isa = PBXGroup;
			children = (
				A01BE66728AFBAF1000567C4 /* TCAApp.swift */,
				A0FC9F3928C9D80A007D1BBD /* Components */,
				A0016C2B28C73FFF00D15056 /* Models */,
				A0016C2A28C73FCD00D15056 /* Modules */,
				A0016C2C28C7401800D15056 /* SupportingFiles */,
			);
			path = TCA;
			sourceTree = "<group>";
		};
		A01BE66D28AFBAF2000567C4 /* Preview Content */ = {
			isa = PBXGroup;
			children = (
				A01BE66E28AFBAF2000567C4 /* Preview Assets.xcassets */,
			);
			path = "Preview Content";
			sourceTree = "<group>";
		};
		A01BE67728AFBAF2000567C4 /* TCATests */ = {
			isa = PBXGroup;
			children = (
				A01BE67828AFBAF2000567C4 /* TCATests.swift */,
			);
			path = TCATests;
			sourceTree = "<group>";
		};
		A01BE68128AFBAF2000567C4 /* TCAUITests */ = {
			isa = PBXGroup;
			children = (
				A01BE68228AFBAF2000567C4 /* TCAUITests.swift */,
				A01BE68428AFBAF2000567C4 /* TCAUITestsLaunchTests.swift */,
			);
			path = TCAUITests;
			sourceTree = "<group>";
		};
		A049F33828CB62B700126989 /* ViewComponents */ = {
			isa = PBXGroup;
			children = (
				A05867C728D07F490004E606 /* StageView.swift */,
				A05867C928D082830004E606 /* ImageView.swift */,
			);
			path = ViewComponents;
			sourceTree = "<group>";
		};
		A049F33928CB62C000126989 /* ViewContainers */ = {
			isa = PBXGroup;
			children = (
				A05867C328D0716E0004E606 /* TitledSection.swift */,
				A05867C528D07CEA0004E606 /* ShadedBackgroundView.swift */,
			);
			path = ViewContainers;
			sourceTree = "<group>";
		};
		A05867BC28D0667F0004E606 /* DTO */ = {
			isa = PBXGroup;
			children = (
				A05867BD28D066E70004E606 /* RocketDTO.swift */,
				A05867BF28D0670B0004E606 /* RocketDetailDTO.swift */,
				A05867C128D0672D0004E606 /* DTOModelProtocol.swift */,
			);
			path = DTO;
			sourceTree = "<group>";
		};
		A05867D028D0A0880004E606 /* RocketLaunch */ = {
			isa = PBXGroup;
			children = (
				A05867D128D0A0A40004E606 /* RocketLaunchView.swift */,
				A05867D328D0A1670004E606 /* RocketLaunchReducer.swift */,
			);
			path = RocketLaunch;
			sourceTree = "<group>";
		};
		A08C091528C899F900224BEA /* Localizable */ = {
			isa = PBXGroup;
			children = (
				A08C091628C89A2A00224BEA /* LocalizedStringKey+.swift */,
				A08C091C28C89B1800224BEA /* Localizable.strings */,
			);
			path = Localizable;
			sourceTree = "<group>";
		};
		A08C092028C8A09400224BEA /* Providers */ = {
			isa = PBXGroup;
			children = (
				A08C092128C8A0B500224BEA /* Icons.swift */,
				A0BCFEB128CB66BB0008B238 /* Color+.swift */,
			);
			path = Providers;
			sourceTree = "<group>";
		};
		A08C092328C8A7C000224BEA /* RocketDetail */ = {
			isa = PBXGroup;
			children = (
				A049F33928CB62C000126989 /* ViewContainers */,
				A049F33828CB62B700126989 /* ViewComponents */,
				A08C092828C8C91100224BEA /* RocketDetailManager.swift */,
				A08C092628C8C25500224BEA /* RocketDetailReducer.swift */,
				A08C092428C8A7E200224BEA /* RocketDetailView.swift */,
			);
			path = RocketDetail;
			sourceTree = "<group>";
		};
		A0FC9F3928C9D80A007D1BBD /* Components */ = {
			isa = PBXGroup;
			children = (
				A0FC9F3A28C9D81B007D1BBD /* AsyncView */,
			);
			path = Components;
			sourceTree = "<group>";
		};
		A0FC9F3A28C9D81B007D1BBD /* AsyncView */ = {
			isa = PBXGroup;
			children = (
				A0FC9F4128C9E070007D1BBD /* ErrorView.swift */,
				A0FC9F3D28C9D893007D1BBD /* Loadable.swift */,
				A0FC9F3F28C9E03A007D1BBD /* LoadableView.swift */,
			);
			path = AsyncView;
			sourceTree = "<group>";
		};
/* End PBXGroup section */

/* Begin PBXNativeTarget section */
		A01BE66328AFBAF1000567C4 /* TCA */ = {
			isa = PBXNativeTarget;
			buildConfigurationList = A01BE68828AFBAF2000567C4 /* Build configuration list for PBXNativeTarget "TCA" */;
			buildPhases = (
				A01BE66028AFBAF1000567C4 /* Sources */,
				A01BE66128AFBAF1000567C4 /* Frameworks */,
				A01BE66228AFBAF1000567C4 /* Resources */,
			);
			buildRules = (
			);
			dependencies = (
			);
			name = TCA;
			packageProductDependencies = (
				A0016C2628C73BA800D15056 /* ComposableArchitecture */,
			);
			productName = TCA;
			productReference = A01BE66428AFBAF1000567C4 /* TCA.app */;
			productType = "com.apple.product-type.application";
		};
		A01BE67328AFBAF2000567C4 /* TCATests */ = {
			isa = PBXNativeTarget;
			buildConfigurationList = A01BE68B28AFBAF2000567C4 /* Build configuration list for PBXNativeTarget "TCATests" */;
			buildPhases = (
				A01BE67028AFBAF2000567C4 /* Sources */,
				A01BE67128AFBAF2000567C4 /* Frameworks */,
				A01BE67228AFBAF2000567C4 /* Resources */,
			);
			buildRules = (
			);
			dependencies = (
				A01BE67628AFBAF2000567C4 /* PBXTargetDependency */,
			);
			name = TCATests;
			productName = TCATests;
			productReference = A01BE67428AFBAF2000567C4 /* TCATests.xctest */;
			productType = "com.apple.product-type.bundle.unit-test";
		};
		A01BE67D28AFBAF2000567C4 /* TCAUITests */ = {
			isa = PBXNativeTarget;
			buildConfigurationList = A01BE68E28AFBAF2000567C4 /* Build configuration list for PBXNativeTarget "TCAUITests" */;
			buildPhases = (
				A01BE67A28AFBAF2000567C4 /* Sources */,
				A01BE67B28AFBAF2000567C4 /* Frameworks */,
				A01BE67C28AFBAF2000567C4 /* Resources */,
			);
			buildRules = (
			);
			dependencies = (
				A01BE68028AFBAF2000567C4 /* PBXTargetDependency */,
			);
			name = TCAUITests;
			productName = TCAUITests;
			productReference = A01BE67E28AFBAF2000567C4 /* TCAUITests.xctest */;
			productType = "com.apple.product-type.bundle.ui-testing";
		};
/* End PBXNativeTarget section */

/* Begin PBXProject section */
		A01BE65C28AFBAF1000567C4 /* Project object */ = {
			isa = PBXProject;
			attributes = {
				BuildIndependentTargetsInParallel = 1;
				LastSwiftUpdateCheck = 1340;
				LastUpgradeCheck = 1340;
				TargetAttributes = {
					A01BE66328AFBAF1000567C4 = {
						CreatedOnToolsVersion = 13.4.1;
					};
					A01BE67328AFBAF2000567C4 = {
						CreatedOnToolsVersion = 13.4.1;
						TestTargetID = A01BE66328AFBAF1000567C4;
					};
					A01BE67D28AFBAF2000567C4 = {
						CreatedOnToolsVersion = 13.4.1;
						TestTargetID = A01BE66328AFBAF1000567C4;
					};
				};
			};
			buildConfigurationList = A01BE65F28AFBAF1000567C4 /* Build configuration list for PBXProject "TCA" */;
			compatibilityVersion = "Xcode 13.0";
			developmentRegion = en;
			hasScannedForEncodings = 0;
			knownRegions = (
				en,
				Base,
				cs,
			);
			mainGroup = A01BE65B28AFBAF1000567C4;
			packageReferences = (
				A0016C2528C73BA800D15056 /* XCRemoteSwiftPackageReference "swift-composable-architecture" */,
			);
			productRefGroup = A01BE66528AFBAF1000567C4 /* Products */;
			projectDirPath = "";
			projectRoot = "";
			targets = (
				A01BE66328AFBAF1000567C4 /* TCA */,
				A01BE67328AFBAF2000567C4 /* TCATests */,
				A01BE67D28AFBAF2000567C4 /* TCAUITests */,
			);
		};
/* End PBXProject section */

/* Begin PBXResourcesBuildPhase section */
		A01BE66228AFBAF1000567C4 /* Resources */ = {
			isa = PBXResourcesBuildPhase;
			buildActionMask = 2147483647;
			files = (
				A01BE66F28AFBAF2000567C4 /* Preview Assets.xcassets in Resources */,
				A0BCFEB428CB68B70008B238 /* Colors.xcassets in Resources */,
				A08C091A28C89B1800224BEA /* Localizable.strings in Resources */,
				A01BE66C28AFBAF2000567C4 /* Assets.xcassets in Resources */,
			);
			runOnlyForDeploymentPostprocessing = 0;
		};
		A01BE67228AFBAF2000567C4 /* Resources */ = {
			isa = PBXResourcesBuildPhase;
			buildActionMask = 2147483647;
			files = (
			);
			runOnlyForDeploymentPostprocessing = 0;
		};
		A01BE67C28AFBAF2000567C4 /* Resources */ = {
			isa = PBXResourcesBuildPhase;
			buildActionMask = 2147483647;
			files = (
			);
			runOnlyForDeploymentPostprocessing = 0;
		};
/* End PBXResourcesBuildPhase section */

/* Begin PBXSourcesBuildPhase section */
		A01BE66028AFBAF1000567C4 /* Sources */ = {
			isa = PBXSourcesBuildPhase;
			buildActionMask = 2147483647;
			files = (
				A0FC9F4028C9E03A007D1BBD /* LoadableView.swift in Sources */,
				A0BCFEB228CB66BB0008B238 /* Color+.swift in Sources */,
				A08C092228C8A0B500224BEA /* Icons.swift in Sources */,
				A0016C3228C74F6900D15056 /* RocketListManager.swift in Sources */,
				A0016C2428C73B6800D15056 /* RocketListView.swift in Sources */,
				A05867C628D07CEA0004E606 /* ShadedBackgroundView.swift in Sources */,
				A0016C3728C7509900D15056 /* DateCreator.swift in Sources */,
				A0016C2928C73BCE00D15056 /* RocketListReducer.swift in Sources */,
				A0FC9F3E28C9D893007D1BBD /* Loadable.swift in Sources */,
				A08C092528C8A7E200224BEA /* RocketDetailView.swift in Sources */,
				A01BE66828AFBAF1000567C4 /* TCAApp.swift in Sources */,
				A0016C3028C7430800D15056 /* APIError.swift in Sources */,
				A05867CA28D082830004E606 /* ImageView.swift in Sources */,
				A05867C228D0672D0004E606 /* DTOModelProtocol.swift in Sources */,
				A0016C2E28C7418400D15056 /* Rocket.swift in Sources */,
				A08C091428C88C1E00224BEA /* RocketDetail+instances.swift in Sources */,
				A08C091728C89A2A00224BEA /* LocalizedStringKey+.swift in Sources */,
				A049F33728CB605900126989 /* ToolBarColorStyle.swift in Sources */,
				A08C092928C8C91100224BEA /* RocketDetailManager.swift in Sources */,
				A05867C028D0670B0004E606 /* RocketDetailDTO.swift in Sources */,
				A0FC9F4228C9E070007D1BBD /* ErrorView.swift in Sources */,
				A05867BE28D066E70004E606 /* RocketDTO.swift in Sources */,
				A08C092728C8C25500224BEA /* RocketDetailReducer.swift in Sources */,
				A05867C828D07F490004E606 /* StageView.swift in Sources */,
				A05867D228D0A0A40004E606 /* RocketLaunchView.swift in Sources */,
				A05867D428D0A1670004E606 /* RocketLaunchReducer.swift in Sources */,
				A0016C3528C7506400D15056 /* Rocket+instances.swift in Sources */,
				A05867C428D0716E0004E606 /* TitledSection.swift in Sources */,
				A08C091F28C89F0D00224BEA /* RocketCellView.swift in Sources */,
				A08C091228C88A8000224BEA /* RocketDetail.swift in Sources */,
			);
			runOnlyForDeploymentPostprocessing = 0;
		};
		A01BE67028AFBAF2000567C4 /* Sources */ = {
			isa = PBXSourcesBuildPhase;
			buildActionMask = 2147483647;
			files = (
				A01BE67928AFBAF2000567C4 /* TCATests.swift in Sources */,
			);
			runOnlyForDeploymentPostprocessing = 0;
		};
		A01BE67A28AFBAF2000567C4 /* Sources */ = {
			isa = PBXSourcesBuildPhase;
			buildActionMask = 2147483647;
			files = (
				A01BE68328AFBAF2000567C4 /* TCAUITests.swift in Sources */,
				A01BE68528AFBAF2000567C4 /* TCAUITestsLaunchTests.swift in Sources */,
			);
			runOnlyForDeploymentPostprocessing = 0;
		};
/* End PBXSourcesBuildPhase section */

/* Begin PBXTargetDependency section */
		A01BE67628AFBAF2000567C4 /* PBXTargetDependency */ = {
			isa = PBXTargetDependency;
			target = A01BE66328AFBAF1000567C4 /* TCA */;
			targetProxy = A01BE67528AFBAF2000567C4 /* PBXContainerItemProxy */;
		};
		A01BE68028AFBAF2000567C4 /* PBXTargetDependency */ = {
			isa = PBXTargetDependency;
			target = A01BE66328AFBAF1000567C4 /* TCA */;
			targetProxy = A01BE67F28AFBAF2000567C4 /* PBXContainerItemProxy */;
		};
/* End PBXTargetDependency section */

/* Begin PBXVariantGroup section */
		A08C091C28C89B1800224BEA /* Localizable.strings */ = {
			isa = PBXVariantGroup;
			children = (
				A08C091B28C89B1800224BEA /* en */,
				A08C091D28C89B1E00224BEA /* cs */,
			);
			name = Localizable.strings;
			sourceTree = "<group>";
		};
/* End PBXVariantGroup section */

/* Begin XCBuildConfiguration section */
		A01BE68628AFBAF2000567C4 /* Debug */ = {
			isa = XCBuildConfiguration;
			buildSettings = {
				ALWAYS_SEARCH_USER_PATHS = NO;
				CLANG_ANALYZER_NONNULL = YES;
				CLANG_ANALYZER_NUMBER_OBJECT_CONVERSION = YES_AGGRESSIVE;
				CLANG_CXX_LANGUAGE_STANDARD = "gnu++17";
				CLANG_ENABLE_MODULES = YES;
				CLANG_ENABLE_OBJC_ARC = YES;
				CLANG_ENABLE_OBJC_WEAK = YES;
				CLANG_WARN_BLOCK_CAPTURE_AUTORELEASING = YES;
				CLANG_WARN_BOOL_CONVERSION = YES;
				CLANG_WARN_COMMA = YES;
				CLANG_WARN_CONSTANT_CONVERSION = YES;
				CLANG_WARN_DEPRECATED_OBJC_IMPLEMENTATIONS = YES;
				CLANG_WARN_DIRECT_OBJC_ISA_USAGE = YES_ERROR;
				CLANG_WARN_DOCUMENTATION_COMMENTS = YES;
				CLANG_WARN_EMPTY_BODY = YES;
				CLANG_WARN_ENUM_CONVERSION = YES;
				CLANG_WARN_INFINITE_RECURSION = YES;
				CLANG_WARN_INT_CONVERSION = YES;
				CLANG_WARN_NON_LITERAL_NULL_CONVERSION = YES;
				CLANG_WARN_OBJC_IMPLICIT_RETAIN_SELF = YES;
				CLANG_WARN_OBJC_LITERAL_CONVERSION = YES;
				CLANG_WARN_OBJC_ROOT_CLASS = YES_ERROR;
				CLANG_WARN_QUOTED_INCLUDE_IN_FRAMEWORK_HEADER = YES;
				CLANG_WARN_RANGE_LOOP_ANALYSIS = YES;
				CLANG_WARN_STRICT_PROTOTYPES = YES;
				CLANG_WARN_SUSPICIOUS_MOVE = YES;
				CLANG_WARN_UNGUARDED_AVAILABILITY = YES_AGGRESSIVE;
				CLANG_WARN_UNREACHABLE_CODE = YES;
				CLANG_WARN__DUPLICATE_METHOD_MATCH = YES;
				COPY_PHASE_STRIP = NO;
				DEBUG_INFORMATION_FORMAT = dwarf;
				ENABLE_STRICT_OBJC_MSGSEND = YES;
				ENABLE_TESTABILITY = YES;
				GCC_C_LANGUAGE_STANDARD = gnu11;
				GCC_DYNAMIC_NO_PIC = NO;
				GCC_NO_COMMON_BLOCKS = YES;
				GCC_OPTIMIZATION_LEVEL = 0;
				GCC_PREPROCESSOR_DEFINITIONS = (
					"DEBUG=1",
					"$(inherited)",
				);
				GCC_WARN_64_TO_32_BIT_CONVERSION = YES;
				GCC_WARN_ABOUT_RETURN_TYPE = YES_ERROR;
				GCC_WARN_UNDECLARED_SELECTOR = YES;
				GCC_WARN_UNINITIALIZED_AUTOS = YES_AGGRESSIVE;
				GCC_WARN_UNUSED_FUNCTION = YES;
				GCC_WARN_UNUSED_VARIABLE = YES;
				IPHONEOS_DEPLOYMENT_TARGET = 15.5;
				MTL_ENABLE_DEBUG_INFO = INCLUDE_SOURCE;
				MTL_FAST_MATH = YES;
				ONLY_ACTIVE_ARCH = YES;
				SDKROOT = iphoneos;
				SWIFT_ACTIVE_COMPILATION_CONDITIONS = DEBUG;
				SWIFT_OPTIMIZATION_LEVEL = "-Onone";
			};
			name = Debug;
		};
		A01BE68728AFBAF2000567C4 /* Release */ = {
			isa = XCBuildConfiguration;
			buildSettings = {
				ALWAYS_SEARCH_USER_PATHS = NO;
				CLANG_ANALYZER_NONNULL = YES;
				CLANG_ANALYZER_NUMBER_OBJECT_CONVERSION = YES_AGGRESSIVE;
				CLANG_CXX_LANGUAGE_STANDARD = "gnu++17";
				CLANG_ENABLE_MODULES = YES;
				CLANG_ENABLE_OBJC_ARC = YES;
				CLANG_ENABLE_OBJC_WEAK = YES;
				CLANG_WARN_BLOCK_CAPTURE_AUTORELEASING = YES;
				CLANG_WARN_BOOL_CONVERSION = YES;
				CLANG_WARN_COMMA = YES;
				CLANG_WARN_CONSTANT_CONVERSION = YES;
				CLANG_WARN_DEPRECATED_OBJC_IMPLEMENTATIONS = YES;
				CLANG_WARN_DIRECT_OBJC_ISA_USAGE = YES_ERROR;
				CLANG_WARN_DOCUMENTATION_COMMENTS = YES;
				CLANG_WARN_EMPTY_BODY = YES;
				CLANG_WARN_ENUM_CONVERSION = YES;
				CLANG_WARN_INFINITE_RECURSION = YES;
				CLANG_WARN_INT_CONVERSION = YES;
				CLANG_WARN_NON_LITERAL_NULL_CONVERSION = YES;
				CLANG_WARN_OBJC_IMPLICIT_RETAIN_SELF = YES;
				CLANG_WARN_OBJC_LITERAL_CONVERSION = YES;
				CLANG_WARN_OBJC_ROOT_CLASS = YES_ERROR;
				CLANG_WARN_QUOTED_INCLUDE_IN_FRAMEWORK_HEADER = YES;
				CLANG_WARN_RANGE_LOOP_ANALYSIS = YES;
				CLANG_WARN_STRICT_PROTOTYPES = YES;
				CLANG_WARN_SUSPICIOUS_MOVE = YES;
				CLANG_WARN_UNGUARDED_AVAILABILITY = YES_AGGRESSIVE;
				CLANG_WARN_UNREACHABLE_CODE = YES;
				CLANG_WARN__DUPLICATE_METHOD_MATCH = YES;
				COPY_PHASE_STRIP = NO;
				DEBUG_INFORMATION_FORMAT = "dwarf-with-dsym";
				ENABLE_NS_ASSERTIONS = NO;
				ENABLE_STRICT_OBJC_MSGSEND = YES;
				GCC_C_LANGUAGE_STANDARD = gnu11;
				GCC_NO_COMMON_BLOCKS = YES;
				GCC_WARN_64_TO_32_BIT_CONVERSION = YES;
				GCC_WARN_ABOUT_RETURN_TYPE = YES_ERROR;
				GCC_WARN_UNDECLARED_SELECTOR = YES;
				GCC_WARN_UNINITIALIZED_AUTOS = YES_AGGRESSIVE;
				GCC_WARN_UNUSED_FUNCTION = YES;
				GCC_WARN_UNUSED_VARIABLE = YES;
				IPHONEOS_DEPLOYMENT_TARGET = 15.5;
				MTL_ENABLE_DEBUG_INFO = NO;
				MTL_FAST_MATH = YES;
				SDKROOT = iphoneos;
				SWIFT_COMPILATION_MODE = wholemodule;
				SWIFT_OPTIMIZATION_LEVEL = "-O";
				VALIDATE_PRODUCT = YES;
			};
			name = Release;
		};
		A01BE68928AFBAF2000567C4 /* Debug */ = {
			isa = XCBuildConfiguration;
			buildSettings = {
				ASSETCATALOG_COMPILER_APPICON_NAME = AppIcon;
				ASSETCATALOG_COMPILER_GLOBAL_ACCENT_COLOR_NAME = AccentColor;
				CODE_SIGN_STYLE = Automatic;
				CURRENT_PROJECT_VERSION = 1;
				DEVELOPMENT_ASSET_PATHS = "\"TCA/SupportingFiles/Preview Content\"";
				DEVELOPMENT_TEAM = SF322564WJ;
				ENABLE_PREVIEWS = YES;
				GENERATE_INFOPLIST_FILE = YES;
				INFOPLIST_KEY_UIApplicationSceneManifest_Generation = YES;
				INFOPLIST_KEY_UIApplicationSupportsIndirectInputEvents = YES;
				INFOPLIST_KEY_UILaunchScreen_Generation = YES;
				INFOPLIST_KEY_UISupportedInterfaceOrientations_iPad = "UIInterfaceOrientationPortrait UIInterfaceOrientationPortraitUpsideDown UIInterfaceOrientationLandscapeLeft UIInterfaceOrientationLandscapeRight";
				INFOPLIST_KEY_UISupportedInterfaceOrientations_iPhone = "UIInterfaceOrientationPortrait UIInterfaceOrientationLandscapeLeft UIInterfaceOrientationLandscapeRight";
				LD_RUNPATH_SEARCH_PATHS = (
					"$(inherited)",
					"@executable_path/Frameworks",
				);
				MARKETING_VERSION = 1.0;
				PRODUCT_BUNDLE_IDENTIFIER = havrdovaLucie.TCA;
				PRODUCT_NAME = "$(TARGET_NAME)";
				SWIFT_EMIT_LOC_STRINGS = YES;
				SWIFT_VERSION = 5.0;
				TARGETED_DEVICE_FAMILY = "1,2";
			};
			name = Debug;
		};
		A01BE68A28AFBAF2000567C4 /* Release */ = {
			isa = XCBuildConfiguration;
			buildSettings = {
				ASSETCATALOG_COMPILER_APPICON_NAME = AppIcon;
				ASSETCATALOG_COMPILER_GLOBAL_ACCENT_COLOR_NAME = AccentColor;
				CODE_SIGN_STYLE = Automatic;
				CURRENT_PROJECT_VERSION = 1;
				DEVELOPMENT_ASSET_PATHS = "\"TCA/SupportingFiles/Preview Content\"";
				DEVELOPMENT_TEAM = SF322564WJ;
				ENABLE_PREVIEWS = YES;
				GENERATE_INFOPLIST_FILE = YES;
				INFOPLIST_KEY_UIApplicationSceneManifest_Generation = YES;
				INFOPLIST_KEY_UIApplicationSupportsIndirectInputEvents = YES;
				INFOPLIST_KEY_UILaunchScreen_Generation = YES;
				INFOPLIST_KEY_UISupportedInterfaceOrientations_iPad = "UIInterfaceOrientationPortrait UIInterfaceOrientationPortraitUpsideDown UIInterfaceOrientationLandscapeLeft UIInterfaceOrientationLandscapeRight";
				INFOPLIST_KEY_UISupportedInterfaceOrientations_iPhone = "UIInterfaceOrientationPortrait UIInterfaceOrientationLandscapeLeft UIInterfaceOrientationLandscapeRight";
				LD_RUNPATH_SEARCH_PATHS = (
					"$(inherited)",
					"@executable_path/Frameworks",
				);
				MARKETING_VERSION = 1.0;
				PRODUCT_BUNDLE_IDENTIFIER = havrdovaLucie.TCA;
				PRODUCT_NAME = "$(TARGET_NAME)";
				SWIFT_EMIT_LOC_STRINGS = YES;
				SWIFT_VERSION = 5.0;
				TARGETED_DEVICE_FAMILY = "1,2";
			};
			name = Release;
		};
		A01BE68C28AFBAF2000567C4 /* Debug */ = {
			isa = XCBuildConfiguration;
			buildSettings = {
				ALWAYS_EMBED_SWIFT_STANDARD_LIBRARIES = YES;
				BUNDLE_LOADER = "$(TEST_HOST)";
				CODE_SIGN_STYLE = Automatic;
				CURRENT_PROJECT_VERSION = 1;
				DEVELOPMENT_TEAM = SF322564WJ;
				GENERATE_INFOPLIST_FILE = YES;
				IPHONEOS_DEPLOYMENT_TARGET = 15.5;
				MARKETING_VERSION = 1.0;
				PRODUCT_BUNDLE_IDENTIFIER = havrdovaLucie.TCATests;
				PRODUCT_NAME = "$(TARGET_NAME)";
				SWIFT_EMIT_LOC_STRINGS = NO;
				SWIFT_VERSION = 5.0;
				TARGETED_DEVICE_FAMILY = "1,2";
				TEST_HOST = "$(BUILT_PRODUCTS_DIR)/TCA.app/TCA";
			};
			name = Debug;
		};
		A01BE68D28AFBAF2000567C4 /* Release */ = {
			isa = XCBuildConfiguration;
			buildSettings = {
				ALWAYS_EMBED_SWIFT_STANDARD_LIBRARIES = YES;
				BUNDLE_LOADER = "$(TEST_HOST)";
				CODE_SIGN_STYLE = Automatic;
				CURRENT_PROJECT_VERSION = 1;
				DEVELOPMENT_TEAM = SF322564WJ;
				GENERATE_INFOPLIST_FILE = YES;
				IPHONEOS_DEPLOYMENT_TARGET = 15.5;
				MARKETING_VERSION = 1.0;
				PRODUCT_BUNDLE_IDENTIFIER = havrdovaLucie.TCATests;
				PRODUCT_NAME = "$(TARGET_NAME)";
				SWIFT_EMIT_LOC_STRINGS = NO;
				SWIFT_VERSION = 5.0;
				TARGETED_DEVICE_FAMILY = "1,2";
				TEST_HOST = "$(BUILT_PRODUCTS_DIR)/TCA.app/TCA";
			};
			name = Release;
		};
		A01BE68F28AFBAF2000567C4 /* Debug */ = {
			isa = XCBuildConfiguration;
			buildSettings = {
				ALWAYS_EMBED_SWIFT_STANDARD_LIBRARIES = YES;
				CODE_SIGN_STYLE = Automatic;
				CURRENT_PROJECT_VERSION = 1;
				DEVELOPMENT_TEAM = SF322564WJ;
				GENERATE_INFOPLIST_FILE = YES;
				MARKETING_VERSION = 1.0;
				PRODUCT_BUNDLE_IDENTIFIER = havrdovaLucie.TCAUITests;
				PRODUCT_NAME = "$(TARGET_NAME)";
				SWIFT_EMIT_LOC_STRINGS = NO;
				SWIFT_VERSION = 5.0;
				TARGETED_DEVICE_FAMILY = "1,2";
				TEST_TARGET_NAME = TCA;
			};
			name = Debug;
		};
		A01BE69028AFBAF2000567C4 /* Release */ = {
			isa = XCBuildConfiguration;
			buildSettings = {
				ALWAYS_EMBED_SWIFT_STANDARD_LIBRARIES = YES;
				CODE_SIGN_STYLE = Automatic;
				CURRENT_PROJECT_VERSION = 1;
				DEVELOPMENT_TEAM = SF322564WJ;
				GENERATE_INFOPLIST_FILE = YES;
				MARKETING_VERSION = 1.0;
				PRODUCT_BUNDLE_IDENTIFIER = havrdovaLucie.TCAUITests;
				PRODUCT_NAME = "$(TARGET_NAME)";
				SWIFT_EMIT_LOC_STRINGS = NO;
				SWIFT_VERSION = 5.0;
				TARGETED_DEVICE_FAMILY = "1,2";
				TEST_TARGET_NAME = TCA;
			};
			name = Release;
		};
/* End XCBuildConfiguration section */

/* Begin XCConfigurationList section */
		A01BE65F28AFBAF1000567C4 /* Build configuration list for PBXProject "TCA" */ = {
			isa = XCConfigurationList;
			buildConfigurations = (
				A01BE68628AFBAF2000567C4 /* Debug */,
				A01BE68728AFBAF2000567C4 /* Release */,
			);
			defaultConfigurationIsVisible = 0;
			defaultConfigurationName = Release;
		};
		A01BE68828AFBAF2000567C4 /* Build configuration list for PBXNativeTarget "TCA" */ = {
			isa = XCConfigurationList;
			buildConfigurations = (
				A01BE68928AFBAF2000567C4 /* Debug */,
				A01BE68A28AFBAF2000567C4 /* Release */,
			);
			defaultConfigurationIsVisible = 0;
			defaultConfigurationName = Release;
		};
		A01BE68B28AFBAF2000567C4 /* Build configuration list for PBXNativeTarget "TCATests" */ = {
			isa = XCConfigurationList;
			buildConfigurations = (
				A01BE68C28AFBAF2000567C4 /* Debug */,
				A01BE68D28AFBAF2000567C4 /* Release */,
			);
			defaultConfigurationIsVisible = 0;
			defaultConfigurationName = Release;
		};
		A01BE68E28AFBAF2000567C4 /* Build configuration list for PBXNativeTarget "TCAUITests" */ = {
			isa = XCConfigurationList;
			buildConfigurations = (
				A01BE68F28AFBAF2000567C4 /* Debug */,
				A01BE69028AFBAF2000567C4 /* Release */,
			);
			defaultConfigurationIsVisible = 0;
			defaultConfigurationName = Release;
		};
/* End XCConfigurationList section */

/* Begin XCRemoteSwiftPackageReference section */
		A0016C2528C73BA800D15056 /* XCRemoteSwiftPackageReference "swift-composable-architecture" */ = {
			isa = XCRemoteSwiftPackageReference;
			repositoryURL = "https://github.com/pointfreeco/swift-composable-architecture";
			requirement = {
				kind = upToNextMajorVersion;
				minimumVersion = 0.9.0;
			};
		};
/* End XCRemoteSwiftPackageReference section */

/* Begin XCSwiftPackageProductDependency section */
		A0016C2628C73BA800D15056 /* ComposableArchitecture */ = {
			isa = XCSwiftPackageProductDependency;
			package = A0016C2528C73BA800D15056 /* XCRemoteSwiftPackageReference "swift-composable-architecture" */;
			productName = ComposableArchitecture;
		};
/* End XCSwiftPackageProductDependency section */
	};
	rootObject = A01BE65C28AFBAF1000567C4 /* Project object */;
}
